
Microsoft Visual Studio Solution File, Format Version 12.00
# Visual Studio Version 16
VisualStudioVersion = 16.0.29209.152
MinimumVisualStudioVersion = 10.0.40219.1
Project("{FAE04EC0-301F-11D3-BF4B-00C04F79EFBC}") = "Excercise22", "Excercise22\Excercise22.csproj", "{6272A404-08D5-4ADA-981D-C3053C92DE18}"
EndProject
Global
	GlobalSection(SolutionConfigurationPlatforms) = preSolution
		Debug|Any CPU = Debug|Any CPU
		Release|Any CPU = Release|Any CPU
	EndGlobalSection
	GlobalSection(ProjectConfigurationPlatforms) = postSolution
		{6272A404-08D5-4ADA-981D-C3053C92DE18}.Debug|Any CPU.ActiveCfg = Debug|Any CPU
		{6272A404-08D5-4ADA-981D-C3053C92DE18}.Debug|Any CPU.Build.0 = Debug|Any CPU
		{6272A404-08D5-4ADA-981D-C3053C92DE18}.Release|Any CPU.ActiveCfg = Release|Any CPU
		{6272A404-08D5-4ADA-981D-C3053C92DE18}.Release|Any CPU.Build.0 = Release|Any CPU
	EndGlobalSection
	GlobalSection(SolutionProperties) = preSolution
		HideSolutionNode = FALSE
	EndGlobalSection
	GlobalSection(ExtensibilityGlobals) = postSolution
		SolutionGuid = {DC24DB1C-B50A-4FE8-923B-D1522CC2D985}
	EndGlobalSection
EndGlobal
