
Microsoft Visual Studio Solution File, Format Version 12.00
# Visual Studio Version 16
VisualStudioVersion = 16.0.29209.152
MinimumVisualStudioVersion = 10.0.40219.1
Project("{FAE04EC0-301F-11D3-BF4B-00C04F79EFBC}") = "Excercise1.1", "Excercise1.1\Excercise1.1.csproj", "{7D47FC96-357D-4F37-BC4B-C05C9C3108DC}"
EndProject
Global
	GlobalSection(SolutionConfigurationPlatforms) = preSolution
		Debug|Any CPU = Debug|Any CPU
		Release|Any CPU = Release|Any CPU
	EndGlobalSection
	GlobalSection(ProjectConfigurationPlatforms) = postSolution
		{7D47FC96-357D-4F37-BC4B-C05C9C3108DC}.Debug|Any CPU.ActiveCfg = Debug|Any CPU
		{7D47FC96-357D-4F37-BC4B-C05C9C3108DC}.Debug|Any CPU.Build.0 = Debug|Any CPU
		{7D47FC96-357D-4F37-BC4B-C05C9C3108DC}.Release|Any CPU.ActiveCfg = Release|Any CPU
		{7D47FC96-357D-4F37-BC4B-C05C9C3108DC}.Release|Any CPU.Build.0 = Release|Any CPU
	EndGlobalSection
	GlobalSection(SolutionProperties) = preSolution
		HideSolutionNode = FALSE
	EndGlobalSection
	GlobalSection(ExtensibilityGlobals) = postSolution
		SolutionGuid = {B2A9D26C-244E-4B85-AAB1-B0D008CA8CAD}
	EndGlobalSection
EndGlobal
